
Microsoft Visual Studio Solution File, Format Version 12.00
# Visual Studio Version 17
VisualStudioVersion = 17.12.35506.116
MinimumVisualStudioVersion = 10.0.40219.1
Project("{FAE04EC0-301F-11D3-BF4B-00C04F79EFBC}") = "Lecture 2", "Homeworks\Lecture 2.csproj", "{E90D836A-E27C-4D16-84E2-783D1ADB44AA}"
EndProject
Project("{2150E333-8FDC-42A3-9474-1A3956D46DE8}") = "Lecture3", "Lecture3", "{A4228AFB-5AED-4B63-9542-C4308F9D475E}"
EndProject
Project("{FAE04EC0-301F-11D3-BF4B-00C04F79EFBC}") = "CinemaHall", "CinemaHall\CinemaHall.csproj", "{809E66A3-932F-4EDF-A378-5C8E65621CE0}"
EndProject
Project("{FAE04EC0-301F-11D3-BF4B-00C04F79EFBC}") = "FishingTrip", "FishingTrip\FishingTrip.csproj", "{78D9DEDF-295F-409C-A0CE-D3ACF37EDD42}"
EndProject
Project("{FAE04EC0-301F-11D3-BF4B-00C04F79EFBC}") = "SalaryDeduction", "SalaryDeduction\SalaryDeduction.csproj", "{57DFEFEE-E251-4327-A52A-F9D33AD1EBF5}"
EndProject
Project("{FAE04EC0-301F-11D3-BF4B-00C04F79EFBC}") = "StepsToReachAGoal", "StepsToReachAGoal\StepsToReachAGoal.csproj", "{7071F055-5C41-4E63-8122-2ABCAE57EF80}"
EndProject
Project("{FAE04EC0-301F-11D3-BF4B-00C04F79EFBC}") = "BirthdayCake", "BirthdayCake\BirthdayCake.csproj", "{58BCB032-F75C-4273-98EB-707BE442BB8D}"
EndProject
Project("{FAE04EC0-301F-11D3-BF4B-00C04F79EFBC}") = "PasswordGenerator", "PasswordGenerator\PasswordGenerator.csproj", "{793EB2C4-0E4C-49CD-AF2D-F010900D8F21}"
EndProject
Project("{2150E333-8FDC-42A3-9474-1A3956D46DE8}") = "Lecture2", "Lecture2", "{7415D48C-6B62-4024-AD41-701D360B55FD}"
EndProject
Project("{2150E333-8FDC-42A3-9474-1A3956D46DE8}") = "Lecture4", "Lecture4", "{BB41606C-03B9-4960-BB57-085E7113CD25}"
EndProject
Project("{FAE04EC0-301F-11D3-BF4B-00C04F79EFBC}") = "CommonElements", "CommonElements\CommonElements.csproj", "{24CB275D-E4C8-4B9A-8FAA-11ECE7C4C512}"
EndProject
Project("{FAE04EC0-301F-11D3-BF4B-00C04F79EFBC}") = "MaxSequenceOfEqualElements", "MaxSequenceOfEqualElements\MaxSequenceOfEqualElements.csproj", "{929F4AF4-7A8A-4E6F-B9E7-2D1A3333598B}"
EndProject
Project("{FAE04EC0-301F-11D3-BF4B-00C04F79EFBC}") = "Train", "Train\Train.csproj", "{5E7EE4AC-8FC6-48EE-BECF-0E1AC58FD6A0}"
EndProject
Project("{FAE04EC0-301F-11D3-BF4B-00C04F79EFBC}") = "CardsGame", "CardsGame\CardsGame.csproj", "{D4B4B6D8-BE52-4AAB-9C2C-CBB5BD9A2D79}"
EndProject
Project("{FAE04EC0-301F-11D3-BF4B-00C04F79EFBC}") = "CountCharsInAString", "CountCharsInAString\CountCharsInAString.csproj", "{C0C7E7AF-DCB2-4B1C-AE5C-73B44BE2D849}"
EndProject
Project("{FAE04EC0-301F-11D3-BF4B-00C04F79EFBC}") = "AMinnerTask", "AMinnerTask\AMinnerTask.csproj", "{50C3F1DF-569D-4CE9-BDC2-CAF8981A2DAB}"
EndProject
Project("{FAE04EC0-301F-11D3-BF4B-00C04F79EFBC}") = "BasicStackOperations", "BasicStackOperations\BasicStackOperations.csproj", "{8D92AC73-CE2F-49E6-8762-863D54CFC32A}"
EndProject
Project("{FAE04EC0-301F-11D3-BF4B-00C04F79EFBC}") = "BasicQueueOperations", "BasicQueueOperations\BasicQueueOperations.csproj", "{30A95DDC-D994-4F18-9A8D-E0C5EF4B1914}"
EndProject
Project("{2150E333-8FDC-42A3-9474-1A3956D46DE8}") = "Lecture5", "Lecture5", "{A4A2D76B-3686-4D76-85F5-E4A131DB20D1}"
EndProject
Project("{FAE04EC0-301F-11D3-BF4B-00C04F79EFBC}") = "FindTheLargestNumberInAnArray", "FindTheLargestNumberInAnArray\FindTheLargestNumberInAnArray.csproj", "{FBD112A7-9366-47D2-BB2E-DF62E14DA5F3}"
EndProject
Project("{FAE04EC0-301F-11D3-BF4B-00C04F79EFBC}") = "ReverseAString", "ReverseAString\ReverseAString.csproj", "{1DD9B5F9-1DEC-4A84-837C-56343A557095}"
EndProject
Project("{FAE04EC0-301F-11D3-BF4B-00C04F79EFBC}") = "GenerateFibonacciSequence", "GenerateFibonacciSequence\GenerateFibonacciSequence.csproj", "{8CDBA156-1EA7-4BB7-BDCD-10EC2633DC21}"
EndProject
Project("{2150E333-8FDC-42A3-9474-1A3956D46DE8}") = "PracticalSession", "PracticalSession", "{6C658B8C-40E2-4A8D-837F-9C7C1C26471F}"
EndProject
Project("{FAE04EC0-301F-11D3-BF4B-00C04F79EFBC}") = "StudentDataManagementSystem", "StudentDataManagementSystem\StudentDataManagementSystem.csproj", "{28CF1ED7-9FE0-431E-9060-E071E42FB23A}"
EndProject
Project("{FAE04EC0-301F-11D3-BF4B-00C04F79EFBC}") = "CheckForPrimeNumbers", "CheckForPrimeNumbers\CheckForPrimeNumbers.csproj", "{FD84949E-4F00-40E2-B75D-E57F9C2E9368}"
EndProject
Project("{FAE04EC0-301F-11D3-BF4B-00C04F79EFBC}") = "SortAnArrayInAscendingOrder", "SortAnArrayInAscendingOrder\SortAnArrayInAscendingOrder.csproj", "{B612D453-96BA-49C7-8AD0-BB08B6E21A01}"
EndProject
Project("{FAE04EC0-301F-11D3-BF4B-00C04F79EFBC}") = "SwapTwoNumbers", "SwapTwoNumbers\SwapTwoNumbers.csproj", "{BD7043D1-E13A-48A6-ADAB-27FF046B38D0}"
EndProject
Project("{FAE04EC0-301F-11D3-BF4B-00C04F79EFBC}") = "UpdateArrayElements", "UpdateArrayElements\UpdateArrayElements.csproj", "{094AE0C8-D048-4491-87F2-440A6C9C48A6}"
EndProject
Project("{FAE04EC0-301F-11D3-BF4B-00C04F79EFBC}") = "DivideTwoNumbers", "DevideTwoNumbers\DivideTwoNumbers.csproj", "{73C4DD2B-9DBC-4A88-9372-372A4EDA8E1F}"
EndProject
Project("{FAE04EC0-301F-11D3-BF4B-00C04F79EFBC}") = "ParseStringToNumber", "ParseStringToNumber\ParseStringToNumber.csproj", "{3FBB119A-30FA-4F2D-8D04-BC81FB63C759}"
EndProject
Project("{2150E333-8FDC-42A3-9474-1A3956D46DE8}") = "Lecture7", "Lecture7", "{00BECE30-8E14-49EB-A4C4-2907538FCDCF}"
EndProject
Project("{FAE04EC0-301F-11D3-BF4B-00C04F79EFBC}") = "Lecture7", "Lecture7\Lecture7.csproj", "{15DB065B-5DBF-45A6-80FE-7D042F17A0D5}"
EndProject
Project("{2150E333-8FDC-42A3-9474-1A3956D46DE8}") = "Lecture8", "Lecture8", "{D767901B-C8A0-4391-B103-8A7D57030F40}"
EndProject
Project("{FAE04EC0-301F-11D3-BF4B-00C04F79EFBC}") = "Lecture8", "Tasks\Lecture8.csproj", "{70E5C612-2803-4CF5-B84C-11FB46BEA8A4}"
EndProject
Project("{2150E333-8FDC-42A3-9474-1A3956D46DE8}") = "Lecture9", "Lecture9", "{F5A60276-06B3-4D15-8617-AEFB5B7CF33D}"
EndProject
Project("{FAE04EC0-301F-11D3-BF4B-00C04F79EFBC}") = "ZooAnimals", "ZooAnimals\ZooAnimals.csproj", "{75ECB3BA-11D1-42B2-BFDA-9314792AE0D6}"
EndProject
Project("{FAE04EC0-301F-11D3-BF4B-00C04F79EFBC}") = "SchoolGradeSystem", "SchoolGradeSystem\SchoolGradeSystem.csproj", "{307754C5-9940-4B12-8866-068BA0986C33}"
EndProject
Project("{FAE04EC0-301F-11D3-BF4B-00C04F79EFBC}") = "ECommerceSystem", "ECommerceSystem\ECommerceSystem.csproj", "{A8A74DEC-769B-41C8-A5A5-F8B7ABA685C1}"
EndProject
Project("{FAE04EC0-301F-11D3-BF4B-00C04F79EFBC}") = "AdvancedLibraryManagementSystem", "AdvancedLibraryManagementSystem\AdvancedLibraryManagementSystem.csproj", "{CCBF63CF-8266-430B-99EB-584A44728EEB}"
EndProject
Global
	GlobalSection(SolutionConfigurationPlatforms) = preSolution
		Debug|Any CPU = Debug|Any CPU
		Release|Any CPU = Release|Any CPU
	EndGlobalSection
	GlobalSection(ProjectConfigurationPlatforms) = postSolution
		{E90D836A-E27C-4D16-84E2-783D1ADB44AA}.Debug|Any CPU.ActiveCfg = Debug|Any CPU
		{E90D836A-E27C-4D16-84E2-783D1ADB44AA}.Debug|Any CPU.Build.0 = Debug|Any CPU
		{E90D836A-E27C-4D16-84E2-783D1ADB44AA}.Release|Any CPU.ActiveCfg = Release|Any CPU
		{E90D836A-E27C-4D16-84E2-783D1ADB44AA}.Release|Any CPU.Build.0 = Release|Any CPU
		{809E66A3-932F-4EDF-A378-5C8E65621CE0}.Debug|Any CPU.ActiveCfg = Debug|Any CPU
		{809E66A3-932F-4EDF-A378-5C8E65621CE0}.Debug|Any CPU.Build.0 = Debug|Any CPU
		{809E66A3-932F-4EDF-A378-5C8E65621CE0}.Release|Any CPU.ActiveCfg = Release|Any CPU
		{809E66A3-932F-4EDF-A378-5C8E65621CE0}.Release|Any CPU.Build.0 = Release|Any CPU
		{78D9DEDF-295F-409C-A0CE-D3ACF37EDD42}.Debug|Any CPU.ActiveCfg = Debug|Any CPU
		{78D9DEDF-295F-409C-A0CE-D3ACF37EDD42}.Debug|Any CPU.Build.0 = Debug|Any CPU
		{78D9DEDF-295F-409C-A0CE-D3ACF37EDD42}.Release|Any CPU.ActiveCfg = Release|Any CPU
		{78D9DEDF-295F-409C-A0CE-D3ACF37EDD42}.Release|Any CPU.Build.0 = Release|Any CPU
		{57DFEFEE-E251-4327-A52A-F9D33AD1EBF5}.Debug|Any CPU.ActiveCfg = Debug|Any CPU
		{57DFEFEE-E251-4327-A52A-F9D33AD1EBF5}.Debug|Any CPU.Build.0 = Debug|Any CPU
		{57DFEFEE-E251-4327-A52A-F9D33AD1EBF5}.Release|Any CPU.ActiveCfg = Release|Any CPU
		{57DFEFEE-E251-4327-A52A-F9D33AD1EBF5}.Release|Any CPU.Build.0 = Release|Any CPU
		{7071F055-5C41-4E63-8122-2ABCAE57EF80}.Debug|Any CPU.ActiveCfg = Debug|Any CPU
		{7071F055-5C41-4E63-8122-2ABCAE57EF80}.Debug|Any CPU.Build.0 = Debug|Any CPU
		{7071F055-5C41-4E63-8122-2ABCAE57EF80}.Release|Any CPU.ActiveCfg = Release|Any CPU
		{7071F055-5C41-4E63-8122-2ABCAE57EF80}.Release|Any CPU.Build.0 = Release|Any CPU
		{58BCB032-F75C-4273-98EB-707BE442BB8D}.Debug|Any CPU.ActiveCfg = Debug|Any CPU
		{58BCB032-F75C-4273-98EB-707BE442BB8D}.Debug|Any CPU.Build.0 = Debug|Any CPU
		{58BCB032-F75C-4273-98EB-707BE442BB8D}.Release|Any CPU.ActiveCfg = Release|Any CPU
		{58BCB032-F75C-4273-98EB-707BE442BB8D}.Release|Any CPU.Build.0 = Release|Any CPU
		{793EB2C4-0E4C-49CD-AF2D-F010900D8F21}.Debug|Any CPU.ActiveCfg = Debug|Any CPU
		{793EB2C4-0E4C-49CD-AF2D-F010900D8F21}.Debug|Any CPU.Build.0 = Debug|Any CPU
		{793EB2C4-0E4C-49CD-AF2D-F010900D8F21}.Release|Any CPU.ActiveCfg = Release|Any CPU
		{793EB2C4-0E4C-49CD-AF2D-F010900D8F21}.Release|Any CPU.Build.0 = Release|Any CPU
		{24CB275D-E4C8-4B9A-8FAA-11ECE7C4C512}.Debug|Any CPU.ActiveCfg = Debug|Any CPU
		{24CB275D-E4C8-4B9A-8FAA-11ECE7C4C512}.Debug|Any CPU.Build.0 = Debug|Any CPU
		{24CB275D-E4C8-4B9A-8FAA-11ECE7C4C512}.Release|Any CPU.ActiveCfg = Release|Any CPU
		{24CB275D-E4C8-4B9A-8FAA-11ECE7C4C512}.Release|Any CPU.Build.0 = Release|Any CPU
		{929F4AF4-7A8A-4E6F-B9E7-2D1A3333598B}.Debug|Any CPU.ActiveCfg = Debug|Any CPU
		{929F4AF4-7A8A-4E6F-B9E7-2D1A3333598B}.Debug|Any CPU.Build.0 = Debug|Any CPU
		{929F4AF4-7A8A-4E6F-B9E7-2D1A3333598B}.Release|Any CPU.ActiveCfg = Release|Any CPU
		{929F4AF4-7A8A-4E6F-B9E7-2D1A3333598B}.Release|Any CPU.Build.0 = Release|Any CPU
		{5E7EE4AC-8FC6-48EE-BECF-0E1AC58FD6A0}.Debug|Any CPU.ActiveCfg = Debug|Any CPU
		{5E7EE4AC-8FC6-48EE-BECF-0E1AC58FD6A0}.Debug|Any CPU.Build.0 = Debug|Any CPU
		{5E7EE4AC-8FC6-48EE-BECF-0E1AC58FD6A0}.Release|Any CPU.ActiveCfg = Release|Any CPU
		{5E7EE4AC-8FC6-48EE-BECF-0E1AC58FD6A0}.Release|Any CPU.Build.0 = Release|Any CPU
		{D4B4B6D8-BE52-4AAB-9C2C-CBB5BD9A2D79}.Debug|Any CPU.ActiveCfg = Debug|Any CPU
		{D4B4B6D8-BE52-4AAB-9C2C-CBB5BD9A2D79}.Debug|Any CPU.Build.0 = Debug|Any CPU
		{D4B4B6D8-BE52-4AAB-9C2C-CBB5BD9A2D79}.Release|Any CPU.ActiveCfg = Release|Any CPU
		{D4B4B6D8-BE52-4AAB-9C2C-CBB5BD9A2D79}.Release|Any CPU.Build.0 = Release|Any CPU
		{C0C7E7AF-DCB2-4B1C-AE5C-73B44BE2D849}.Debug|Any CPU.ActiveCfg = Debug|Any CPU
		{C0C7E7AF-DCB2-4B1C-AE5C-73B44BE2D849}.Debug|Any CPU.Build.0 = Debug|Any CPU
		{C0C7E7AF-DCB2-4B1C-AE5C-73B44BE2D849}.Release|Any CPU.ActiveCfg = Release|Any CPU
		{C0C7E7AF-DCB2-4B1C-AE5C-73B44BE2D849}.Release|Any CPU.Build.0 = Release|Any CPU
		{50C3F1DF-569D-4CE9-BDC2-CAF8981A2DAB}.Debug|Any CPU.ActiveCfg = Debug|Any CPU
		{50C3F1DF-569D-4CE9-BDC2-CAF8981A2DAB}.Debug|Any CPU.Build.0 = Debug|Any CPU
		{50C3F1DF-569D-4CE9-BDC2-CAF8981A2DAB}.Release|Any CPU.ActiveCfg = Release|Any CPU
		{50C3F1DF-569D-4CE9-BDC2-CAF8981A2DAB}.Release|Any CPU.Build.0 = Release|Any CPU
		{8D92AC73-CE2F-49E6-8762-863D54CFC32A}.Debug|Any CPU.ActiveCfg = Debug|Any CPU
		{8D92AC73-CE2F-49E6-8762-863D54CFC32A}.Debug|Any CPU.Build.0 = Debug|Any CPU
		{8D92AC73-CE2F-49E6-8762-863D54CFC32A}.Release|Any CPU.ActiveCfg = Release|Any CPU
		{8D92AC73-CE2F-49E6-8762-863D54CFC32A}.Release|Any CPU.Build.0 = Release|Any CPU
		{30A95DDC-D994-4F18-9A8D-E0C5EF4B1914}.Debug|Any CPU.ActiveCfg = Debug|Any CPU
		{30A95DDC-D994-4F18-9A8D-E0C5EF4B1914}.Debug|Any CPU.Build.0 = Debug|Any CPU
		{30A95DDC-D994-4F18-9A8D-E0C5EF4B1914}.Release|Any CPU.ActiveCfg = Release|Any CPU
		{30A95DDC-D994-4F18-9A8D-E0C5EF4B1914}.Release|Any CPU.Build.0 = Release|Any CPU
		{FBD112A7-9366-47D2-BB2E-DF62E14DA5F3}.Debug|Any CPU.ActiveCfg = Debug|Any CPU
		{FBD112A7-9366-47D2-BB2E-DF62E14DA5F3}.Debug|Any CPU.Build.0 = Debug|Any CPU
		{FBD112A7-9366-47D2-BB2E-DF62E14DA5F3}.Release|Any CPU.ActiveCfg = Release|Any CPU
		{FBD112A7-9366-47D2-BB2E-DF62E14DA5F3}.Release|Any CPU.Build.0 = Release|Any CPU
		{1DD9B5F9-1DEC-4A84-837C-56343A557095}.Debug|Any CPU.ActiveCfg = Debug|Any CPU
		{1DD9B5F9-1DEC-4A84-837C-56343A557095}.Debug|Any CPU.Build.0 = Debug|Any CPU
		{1DD9B5F9-1DEC-4A84-837C-56343A557095}.Release|Any CPU.ActiveCfg = Release|Any CPU
		{1DD9B5F9-1DEC-4A84-837C-56343A557095}.Release|Any CPU.Build.0 = Release|Any CPU
		{8CDBA156-1EA7-4BB7-BDCD-10EC2633DC21}.Debug|Any CPU.ActiveCfg = Debug|Any CPU
		{8CDBA156-1EA7-4BB7-BDCD-10EC2633DC21}.Debug|Any CPU.Build.0 = Debug|Any CPU
		{8CDBA156-1EA7-4BB7-BDCD-10EC2633DC21}.Release|Any CPU.ActiveCfg = Release|Any CPU
		{8CDBA156-1EA7-4BB7-BDCD-10EC2633DC21}.Release|Any CPU.Build.0 = Release|Any CPU
		{28CF1ED7-9FE0-431E-9060-E071E42FB23A}.Debug|Any CPU.ActiveCfg = Debug|Any CPU
		{28CF1ED7-9FE0-431E-9060-E071E42FB23A}.Debug|Any CPU.Build.0 = Debug|Any CPU
		{28CF1ED7-9FE0-431E-9060-E071E42FB23A}.Release|Any CPU.ActiveCfg = Release|Any CPU
		{28CF1ED7-9FE0-431E-9060-E071E42FB23A}.Release|Any CPU.Build.0 = Release|Any CPU
		{FD84949E-4F00-40E2-B75D-E57F9C2E9368}.Debug|Any CPU.ActiveCfg = Debug|Any CPU
		{FD84949E-4F00-40E2-B75D-E57F9C2E9368}.Debug|Any CPU.Build.0 = Debug|Any CPU
		{FD84949E-4F00-40E2-B75D-E57F9C2E9368}.Release|Any CPU.ActiveCfg = Release|Any CPU
		{FD84949E-4F00-40E2-B75D-E57F9C2E9368}.Release|Any CPU.Build.0 = Release|Any CPU
		{B612D453-96BA-49C7-8AD0-BB08B6E21A01}.Debug|Any CPU.ActiveCfg = Debug|Any CPU
		{B612D453-96BA-49C7-8AD0-BB08B6E21A01}.Debug|Any CPU.Build.0 = Debug|Any CPU
		{B612D453-96BA-49C7-8AD0-BB08B6E21A01}.Release|Any CPU.ActiveCfg = Release|Any CPU
		{B612D453-96BA-49C7-8AD0-BB08B6E21A01}.Release|Any CPU.Build.0 = Release|Any CPU
		{BD7043D1-E13A-48A6-ADAB-27FF046B38D0}.Debug|Any CPU.ActiveCfg = Debug|Any CPU
		{BD7043D1-E13A-48A6-ADAB-27FF046B38D0}.Debug|Any CPU.Build.0 = Debug|Any CPU
		{BD7043D1-E13A-48A6-ADAB-27FF046B38D0}.Release|Any CPU.ActiveCfg = Release|Any CPU
		{BD7043D1-E13A-48A6-ADAB-27FF046B38D0}.Release|Any CPU.Build.0 = Release|Any CPU
		{094AE0C8-D048-4491-87F2-440A6C9C48A6}.Debug|Any CPU.ActiveCfg = Debug|Any CPU
		{094AE0C8-D048-4491-87F2-440A6C9C48A6}.Debug|Any CPU.Build.0 = Debug|Any CPU
		{094AE0C8-D048-4491-87F2-440A6C9C48A6}.Release|Any CPU.ActiveCfg = Release|Any CPU
		{094AE0C8-D048-4491-87F2-440A6C9C48A6}.Release|Any CPU.Build.0 = Release|Any CPU
		{73C4DD2B-9DBC-4A88-9372-372A4EDA8E1F}.Debug|Any CPU.ActiveCfg = Debug|Any CPU
		{73C4DD2B-9DBC-4A88-9372-372A4EDA8E1F}.Debug|Any CPU.Build.0 = Debug|Any CPU
		{73C4DD2B-9DBC-4A88-9372-372A4EDA8E1F}.Release|Any CPU.ActiveCfg = Release|Any CPU
		{73C4DD2B-9DBC-4A88-9372-372A4EDA8E1F}.Release|Any CPU.Build.0 = Release|Any CPU
		{3FBB119A-30FA-4F2D-8D04-BC81FB63C759}.Debug|Any CPU.ActiveCfg = Debug|Any CPU
		{3FBB119A-30FA-4F2D-8D04-BC81FB63C759}.Debug|Any CPU.Build.0 = Debug|Any CPU
		{3FBB119A-30FA-4F2D-8D04-BC81FB63C759}.Release|Any CPU.ActiveCfg = Release|Any CPU
		{3FBB119A-30FA-4F2D-8D04-BC81FB63C759}.Release|Any CPU.Build.0 = Release|Any CPU
		{15DB065B-5DBF-45A6-80FE-7D042F17A0D5}.Debug|Any CPU.ActiveCfg = Debug|Any CPU
		{15DB065B-5DBF-45A6-80FE-7D042F17A0D5}.Debug|Any CPU.Build.0 = Debug|Any CPU
		{15DB065B-5DBF-45A6-80FE-7D042F17A0D5}.Release|Any CPU.ActiveCfg = Release|Any CPU
		{15DB065B-5DBF-45A6-80FE-7D042F17A0D5}.Release|Any CPU.Build.0 = Release|Any CPU
		{70E5C612-2803-4CF5-B84C-11FB46BEA8A4}.Debug|Any CPU.ActiveCfg = Debug|Any CPU
		{70E5C612-2803-4CF5-B84C-11FB46BEA8A4}.Debug|Any CPU.Build.0 = Debug|Any CPU
		{70E5C612-2803-4CF5-B84C-11FB46BEA8A4}.Release|Any CPU.ActiveCfg = Release|Any CPU
		{70E5C612-2803-4CF5-B84C-11FB46BEA8A4}.Release|Any CPU.Build.0 = Release|Any CPU
		{75ECB3BA-11D1-42B2-BFDA-9314792AE0D6}.Debug|Any CPU.ActiveCfg = Debug|Any CPU
		{75ECB3BA-11D1-42B2-BFDA-9314792AE0D6}.Debug|Any CPU.Build.0 = Debug|Any CPU
		{75ECB3BA-11D1-42B2-BFDA-9314792AE0D6}.Release|Any CPU.ActiveCfg = Release|Any CPU
		{75ECB3BA-11D1-42B2-BFDA-9314792AE0D6}.Release|Any CPU.Build.0 = Release|Any CPU
		{307754C5-9940-4B12-8866-068BA0986C33}.Debug|Any CPU.ActiveCfg = Debug|Any CPU
		{307754C5-9940-4B12-8866-068BA0986C33}.Debug|Any CPU.Build.0 = Debug|Any CPU
		{307754C5-9940-4B12-8866-068BA0986C33}.Release|Any CPU.ActiveCfg = Release|Any CPU
		{307754C5-9940-4B12-8866-068BA0986C33}.Release|Any CPU.Build.0 = Release|Any CPU
		{A8A74DEC-769B-41C8-A5A5-F8B7ABA685C1}.Debug|Any CPU.ActiveCfg = Debug|Any CPU
		{A8A74DEC-769B-41C8-A5A5-F8B7ABA685C1}.Debug|Any CPU.Build.0 = Debug|Any CPU
		{A8A74DEC-769B-41C8-A5A5-F8B7ABA685C1}.Release|Any CPU.ActiveCfg = Release|Any CPU
		{A8A74DEC-769B-41C8-A5A5-F8B7ABA685C1}.Release|Any CPU.Build.0 = Release|Any CPU
		{CCBF63CF-8266-430B-99EB-584A44728EEB}.Debug|Any CPU.ActiveCfg = Debug|Any CPU
		{CCBF63CF-8266-430B-99EB-584A44728EEB}.Debug|Any CPU.Build.0 = Debug|Any CPU
		{CCBF63CF-8266-430B-99EB-584A44728EEB}.Release|Any CPU.ActiveCfg = Release|Any CPU
		{CCBF63CF-8266-430B-99EB-584A44728EEB}.Release|Any CPU.Build.0 = Release|Any CPU
	EndGlobalSection
	GlobalSection(SolutionProperties) = preSolution
		HideSolutionNode = FALSE
	EndGlobalSection
	GlobalSection(NestedProjects) = preSolution
		{E90D836A-E27C-4D16-84E2-783D1ADB44AA} = {7415D48C-6B62-4024-AD41-701D360B55FD}
		{809E66A3-932F-4EDF-A378-5C8E65621CE0} = {A4228AFB-5AED-4B63-9542-C4308F9D475E}
		{78D9DEDF-295F-409C-A0CE-D3ACF37EDD42} = {A4228AFB-5AED-4B63-9542-C4308F9D475E}
		{57DFEFEE-E251-4327-A52A-F9D33AD1EBF5} = {A4228AFB-5AED-4B63-9542-C4308F9D475E}
		{7071F055-5C41-4E63-8122-2ABCAE57EF80} = {A4228AFB-5AED-4B63-9542-C4308F9D475E}
		{58BCB032-F75C-4273-98EB-707BE442BB8D} = {A4228AFB-5AED-4B63-9542-C4308F9D475E}
		{793EB2C4-0E4C-49CD-AF2D-F010900D8F21} = {A4228AFB-5AED-4B63-9542-C4308F9D475E}
		{24CB275D-E4C8-4B9A-8FAA-11ECE7C4C512} = {BB41606C-03B9-4960-BB57-085E7113CD25}
		{929F4AF4-7A8A-4E6F-B9E7-2D1A3333598B} = {BB41606C-03B9-4960-BB57-085E7113CD25}
		{5E7EE4AC-8FC6-48EE-BECF-0E1AC58FD6A0} = {BB41606C-03B9-4960-BB57-085E7113CD25}
		{D4B4B6D8-BE52-4AAB-9C2C-CBB5BD9A2D79} = {BB41606C-03B9-4960-BB57-085E7113CD25}
		{C0C7E7AF-DCB2-4B1C-AE5C-73B44BE2D849} = {BB41606C-03B9-4960-BB57-085E7113CD25}
		{50C3F1DF-569D-4CE9-BDC2-CAF8981A2DAB} = {BB41606C-03B9-4960-BB57-085E7113CD25}
		{8D92AC73-CE2F-49E6-8762-863D54CFC32A} = {BB41606C-03B9-4960-BB57-085E7113CD25}
		{30A95DDC-D994-4F18-9A8D-E0C5EF4B1914} = {BB41606C-03B9-4960-BB57-085E7113CD25}
		{FBD112A7-9366-47D2-BB2E-DF62E14DA5F3} = {A4A2D76B-3686-4D76-85F5-E4A131DB20D1}
		{1DD9B5F9-1DEC-4A84-837C-56343A557095} = {A4A2D76B-3686-4D76-85F5-E4A131DB20D1}
		{8CDBA156-1EA7-4BB7-BDCD-10EC2633DC21} = {A4A2D76B-3686-4D76-85F5-E4A131DB20D1}
		{28CF1ED7-9FE0-431E-9060-E071E42FB23A} = {6C658B8C-40E2-4A8D-837F-9C7C1C26471F}
		{FD84949E-4F00-40E2-B75D-E57F9C2E9368} = {A4A2D76B-3686-4D76-85F5-E4A131DB20D1}
		{B612D453-96BA-49C7-8AD0-BB08B6E21A01} = {A4A2D76B-3686-4D76-85F5-E4A131DB20D1}
		{BD7043D1-E13A-48A6-ADAB-27FF046B38D0} = {A4A2D76B-3686-4D76-85F5-E4A131DB20D1}
		{094AE0C8-D048-4491-87F2-440A6C9C48A6} = {A4A2D76B-3686-4D76-85F5-E4A131DB20D1}
		{73C4DD2B-9DBC-4A88-9372-372A4EDA8E1F} = {A4A2D76B-3686-4D76-85F5-E4A131DB20D1}
		{3FBB119A-30FA-4F2D-8D04-BC81FB63C759} = {A4A2D76B-3686-4D76-85F5-E4A131DB20D1}
		{15DB065B-5DBF-45A6-80FE-7D042F17A0D5} = {00BECE30-8E14-49EB-A4C4-2907538FCDCF}
		{70E5C612-2803-4CF5-B84C-11FB46BEA8A4} = {D767901B-C8A0-4391-B103-8A7D57030F40}
		{75ECB3BA-11D1-42B2-BFDA-9314792AE0D6} = {F5A60276-06B3-4D15-8617-AEFB5B7CF33D}
		{307754C5-9940-4B12-8866-068BA0986C33} = {F5A60276-06B3-4D15-8617-AEFB5B7CF33D}
		{A8A74DEC-769B-41C8-A5A5-F8B7ABA685C1} = {F5A60276-06B3-4D15-8617-AEFB5B7CF33D}
		{CCBF63CF-8266-430B-99EB-584A44728EEB} = {F5A60276-06B3-4D15-8617-AEFB5B7CF33D}
	EndGlobalSection
EndGlobal
