
Microsoft Visual Studio Solution File, Format Version 12.00
# Visual Studio Version 17
VisualStudioVersion = 17.12.35506.116
MinimumVisualStudioVersion = 10.0.40219.1
Project("{FAE04EC0-301F-11D3-BF4B-00C04F79EFBC}") = "Homeworks", "Homeworks\Homeworks.csproj", "{E90D836A-E27C-4D16-84E2-783D1ADB44AA}"
EndProject
Project("{2150E333-8FDC-42A3-9474-1A3956D46DE8}") = "Lecture 3", "Lecture 3", "{A4228AFB-5AED-4B63-9542-C4308F9D475E}"
EndProject
Project("{FAE04EC0-301F-11D3-BF4B-00C04F79EFBC}") = "CinemaHall", "CinemaHall\CinemaHall.csproj", "{809E66A3-932F-4EDF-A378-5C8E65621CE0}"
EndProject
Project("{FAE04EC0-301F-11D3-BF4B-00C04F79EFBC}") = "FishingTrip", "FishingTrip\FishingTrip.csproj", "{78D9DEDF-295F-409C-A0CE-D3ACF37EDD42}"
EndProject
Project("{FAE04EC0-301F-11D3-BF4B-00C04F79EFBC}") = "SalaryDeduction", "SalaryDeduction\SalaryDeduction.csproj", "{57DFEFEE-E251-4327-A52A-F9D33AD1EBF5}"
EndProject
Project("{FAE04EC0-301F-11D3-BF4B-00C04F79EFBC}") = "StepsToReachAGoal", "StepsToReachAGoal\StepsToReachAGoal.csproj", "{7071F055-5C41-4E63-8122-2ABCAE57EF80}"
EndProject
Project("{FAE04EC0-301F-11D3-BF4B-00C04F79EFBC}") = "BirthdayCake", "BirthdayCake\BirthdayCake.csproj", "{58BCB032-F75C-4273-98EB-707BE442BB8D}"
EndProject
Project("{FAE04EC0-301F-11D3-BF4B-00C04F79EFBC}") = "PasswordGenerator", "PasswordGenerator\PasswordGenerator.csproj", "{793EB2C4-0E4C-49CD-AF2D-F010900D8F21}"
EndProject
Global
	GlobalSection(SolutionConfigurationPlatforms) = preSolution
		Debug|Any CPU = Debug|Any CPU
		Release|Any CPU = Release|Any CPU
	EndGlobalSection
	GlobalSection(ProjectConfigurationPlatforms) = postSolution
		{E90D836A-E27C-4D16-84E2-783D1ADB44AA}.Debug|Any CPU.ActiveCfg = Debug|Any CPU
		{E90D836A-E27C-4D16-84E2-783D1ADB44AA}.Debug|Any CPU.Build.0 = Debug|Any CPU
		{E90D836A-E27C-4D16-84E2-783D1ADB44AA}.Release|Any CPU.ActiveCfg = Release|Any CPU
		{E90D836A-E27C-4D16-84E2-783D1ADB44AA}.Release|Any CPU.Build.0 = Release|Any CPU
		{809E66A3-932F-4EDF-A378-5C8E65621CE0}.Debug|Any CPU.ActiveCfg = Debug|Any CPU
		{809E66A3-932F-4EDF-A378-5C8E65621CE0}.Debug|Any CPU.Build.0 = Debug|Any CPU
		{809E66A3-932F-4EDF-A378-5C8E65621CE0}.Release|Any CPU.ActiveCfg = Release|Any CPU
		{809E66A3-932F-4EDF-A378-5C8E65621CE0}.Release|Any CPU.Build.0 = Release|Any CPU
		{78D9DEDF-295F-409C-A0CE-D3ACF37EDD42}.Debug|Any CPU.ActiveCfg = Debug|Any CPU
		{78D9DEDF-295F-409C-A0CE-D3ACF37EDD42}.Debug|Any CPU.Build.0 = Debug|Any CPU
		{78D9DEDF-295F-409C-A0CE-D3ACF37EDD42}.Release|Any CPU.ActiveCfg = Release|Any CPU
		{78D9DEDF-295F-409C-A0CE-D3ACF37EDD42}.Release|Any CPU.Build.0 = Release|Any CPU
		{57DFEFEE-E251-4327-A52A-F9D33AD1EBF5}.Debug|Any CPU.ActiveCfg = Debug|Any CPU
		{57DFEFEE-E251-4327-A52A-F9D33AD1EBF5}.Debug|Any CPU.Build.0 = Debug|Any CPU
		{57DFEFEE-E251-4327-A52A-F9D33AD1EBF5}.Release|Any CPU.ActiveCfg = Release|Any CPU
		{57DFEFEE-E251-4327-A52A-F9D33AD1EBF5}.Release|Any CPU.Build.0 = Release|Any CPU
		{7071F055-5C41-4E63-8122-2ABCAE57EF80}.Debug|Any CPU.ActiveCfg = Debug|Any CPU
		{7071F055-5C41-4E63-8122-2ABCAE57EF80}.Debug|Any CPU.Build.0 = Debug|Any CPU
		{7071F055-5C41-4E63-8122-2ABCAE57EF80}.Release|Any CPU.ActiveCfg = Release|Any CPU
		{7071F055-5C41-4E63-8122-2ABCAE57EF80}.Release|Any CPU.Build.0 = Release|Any CPU
		{58BCB032-F75C-4273-98EB-707BE442BB8D}.Debug|Any CPU.ActiveCfg = Debug|Any CPU
		{58BCB032-F75C-4273-98EB-707BE442BB8D}.Debug|Any CPU.Build.0 = Debug|Any CPU
		{58BCB032-F75C-4273-98EB-707BE442BB8D}.Release|Any CPU.ActiveCfg = Release|Any CPU
		{58BCB032-F75C-4273-98EB-707BE442BB8D}.Release|Any CPU.Build.0 = Release|Any CPU
		{793EB2C4-0E4C-49CD-AF2D-F010900D8F21}.Debug|Any CPU.ActiveCfg = Debug|Any CPU
		{793EB2C4-0E4C-49CD-AF2D-F010900D8F21}.Debug|Any CPU.Build.0 = Debug|Any CPU
		{793EB2C4-0E4C-49CD-AF2D-F010900D8F21}.Release|Any CPU.ActiveCfg = Release|Any CPU
		{793EB2C4-0E4C-49CD-AF2D-F010900D8F21}.Release|Any CPU.Build.0 = Release|Any CPU
	EndGlobalSection
	GlobalSection(SolutionProperties) = preSolution
		HideSolutionNode = FALSE
	EndGlobalSection
	GlobalSection(NestedProjects) = preSolution
		{809E66A3-932F-4EDF-A378-5C8E65621CE0} = {A4228AFB-5AED-4B63-9542-C4308F9D475E}
		{78D9DEDF-295F-409C-A0CE-D3ACF37EDD42} = {A4228AFB-5AED-4B63-9542-C4308F9D475E}
		{57DFEFEE-E251-4327-A52A-F9D33AD1EBF5} = {A4228AFB-5AED-4B63-9542-C4308F9D475E}
		{7071F055-5C41-4E63-8122-2ABCAE57EF80} = {A4228AFB-5AED-4B63-9542-C4308F9D475E}
		{58BCB032-F75C-4273-98EB-707BE442BB8D} = {A4228AFB-5AED-4B63-9542-C4308F9D475E}
		{793EB2C4-0E4C-49CD-AF2D-F010900D8F21} = {A4228AFB-5AED-4B63-9542-C4308F9D475E}
	EndGlobalSection
EndGlobal
